
Microsoft Visual Studio Solution File, Format Version 12.00
# Visual Studio Version 17
VisualStudioVersion = 17.0.32014.148
MinimumVisualStudioVersion = 10.0.40219.1
Project("{9A19103F-16F7-4668-BE54-9A1E7A4F7556}") = "Backend.Service", "Backend.Service.csproj", "{4FBC096B-31D0-4CEB-9A2E-41518650F370}"
EndProject
Global
	GlobalSection(SolutionConfigurationPlatforms) = preSolution
		Debug|Any CPU = Debug|Any CPU
		Release|Any CPU = Release|Any CPU
	EndGlobalSection
	GlobalSection(ProjectConfigurationPlatforms) = postSolution
		{4FBC096B-31D0-4CEB-9A2E-41518650F370}.Debug|Any CPU.ActiveCfg = Debug|Any CPU
		{4FBC096B-31D0-4CEB-9A2E-41518650F370}.Debug|Any CPU.Build.0 = Debug|Any CPU
		{4FBC096B-31D0-4CEB-9A2E-41518650F370}.Release|Any CPU.ActiveCfg = Release|Any CPU
		{4FBC096B-31D0-4CEB-9A2E-41518650F370}.Release|Any CPU.Build.0 = Release|Any CPU
	EndGlobalSection
	GlobalSection(SolutionProperties) = preSolution
		HideSolutionNode = FALSE
	EndGlobalSection
	GlobalSection(ExtensibilityGlobals) = postSolution
		SolutionGuid = {5F5BEBC6-B822-46BD-8DF1-45096A086E6A}
	EndGlobalSection
EndGlobal
